
Microsoft Visual Studio Solution File, Format Version 12.00
# Visual Studio 14
VisualStudioVersion = 14.0.23107.0
MinimumVisualStudioVersion = 10.0.40219.1
Project("{FAE04EC0-301F-11D3-BF4B-00C04F79EFBC}") = "AuctionHouseClient", "AuctionHouse\AuctionHouseClient.csproj", "{BD0B520C-7185-4E6A-B872-ADC2955C4E4B}"
EndProject
Project("{FAE04EC0-301F-11D3-BF4B-00C04F79EFBC}") = "AuctionHouseServerCLI", "AuctionHouseServerCLI\AuctionHouseServerCLI.csproj", "{49F7556E-EB91-4930-A8C3-3111DA7A4CE0}"
EndProject
Project("{FAE04EC0-301F-11D3-BF4B-00C04F79EFBC}") = "PeterServer", "PeterServer\PeterServer.csproj", "{979DA5BF-2DD3-4488-8660-8731D1BEF5C1}"
EndProject
Global
	GlobalSection(SolutionConfigurationPlatforms) = preSolution
		Debug|Any CPU = Debug|Any CPU
		Release|Any CPU = Release|Any CPU
	EndGlobalSection
	GlobalSection(ProjectConfigurationPlatforms) = postSolution
		{BD0B520C-7185-4E6A-B872-ADC2955C4E4B}.Debug|Any CPU.ActiveCfg = Debug|Any CPU
		{BD0B520C-7185-4E6A-B872-ADC2955C4E4B}.Debug|Any CPU.Build.0 = Debug|Any CPU
		{BD0B520C-7185-4E6A-B872-ADC2955C4E4B}.Release|Any CPU.ActiveCfg = Release|Any CPU
		{BD0B520C-7185-4E6A-B872-ADC2955C4E4B}.Release|Any CPU.Build.0 = Release|Any CPU
		{49F7556E-EB91-4930-A8C3-3111DA7A4CE0}.Debug|Any CPU.ActiveCfg = Debug|Any CPU
		{49F7556E-EB91-4930-A8C3-3111DA7A4CE0}.Debug|Any CPU.Build.0 = Debug|Any CPU
		{49F7556E-EB91-4930-A8C3-3111DA7A4CE0}.Release|Any CPU.ActiveCfg = Release|Any CPU
		{49F7556E-EB91-4930-A8C3-3111DA7A4CE0}.Release|Any CPU.Build.0 = Release|Any CPU
		{979DA5BF-2DD3-4488-8660-8731D1BEF5C1}.Debug|Any CPU.ActiveCfg = Debug|Any CPU
		{979DA5BF-2DD3-4488-8660-8731D1BEF5C1}.Debug|Any CPU.Build.0 = Debug|Any CPU
		{979DA5BF-2DD3-4488-8660-8731D1BEF5C1}.Release|Any CPU.ActiveCfg = Release|Any CPU
		{979DA5BF-2DD3-4488-8660-8731D1BEF5C1}.Release|Any CPU.Build.0 = Release|Any CPU
	EndGlobalSection
	GlobalSection(SolutionProperties) = preSolution
		HideSolutionNode = FALSE
	EndGlobalSection
EndGlobal
